
Microsoft Visual Studio Solution File, Format Version 12.00
# Visual Studio Version 16
VisualStudioVersion = 16.0.32901.82
MinimumVisualStudioVersion = 10.0.40219.1
Project("{9A19103F-16F7-4668-BE54-9A1E7A4F7556}") = "ModelConverter", "ModelConverter\ModelConverter.csproj", "{75DBAA2D-0418-4769-906B-2518BC473716}"
EndProject
Global
	GlobalSection(SolutionConfigurationPlatforms) = preSolution
		Debug|Any CPU = Debug|Any CPU
		Debug|x64 = Debug|x64
		Debug|x86 = Debug|x86
		Release|Any CPU = Release|Any CPU
		Release|x64 = Release|x64
		Release|x86 = Release|x86
	EndGlobalSection
	GlobalSection(ProjectConfigurationPlatforms) = postSolution
		{75DBAA2D-0418-4769-906B-2518BC473716}.Debug|Any CPU.ActiveCfg = Debug|Any CPU
		{75DBAA2D-0418-4769-906B-2518BC473716}.Debug|Any CPU.Build.0 = Debug|Any CPU
		{75DBAA2D-0418-4769-906B-2518BC473716}.Debug|x64.ActiveCfg = Debug|Any CPU
		{75DBAA2D-0418-4769-906B-2518BC473716}.Debug|x64.Build.0 = Debug|Any CPU
		{75DBAA2D-0418-4769-906B-2518BC473716}.Debug|x86.ActiveCfg = Debug|Any CPU
		{75DBAA2D-0418-4769-906B-2518BC473716}.Debug|x86.Build.0 = Debug|Any CPU
		{75DBAA2D-0418-4769-906B-2518BC473716}.Release|Any CPU.ActiveCfg = Release|Any CPU
		{75DBAA2D-0418-4769-906B-2518BC473716}.Release|Any CPU.Build.0 = Release|Any CPU
		{75DBAA2D-0418-4769-906B-2518BC473716}.Release|x64.ActiveCfg = Release|Any CPU
		{75DBAA2D-0418-4769-906B-2518BC473716}.Release|x64.Build.0 = Release|Any CPU
		{75DBAA2D-0418-4769-906B-2518BC473716}.Release|x86.ActiveCfg = Release|Any CPU
		{75DBAA2D-0418-4769-906B-2518BC473716}.Release|x86.Build.0 = Release|Any CPU
	EndGlobalSection
	GlobalSection(SolutionProperties) = preSolution
		HideSolutionNode = FALSE
	EndGlobalSection
	GlobalSection(ExtensibilityGlobals) = postSolution
		SolutionGuid = {C580E1F8-A27D-44D5-ABA1-C2DB9F1F01BD}
	EndGlobalSection
EndGlobal
